// !$*UTF8*$!
{
	archiveVersion = 1;
	classes = {
	};
	objectVersion = 48;
	objects = {

/* Begin PBXBuildFile section */
		18B80F4820BBDAF6002F9853 /* AppDelegate.m in Sources */ = {isa = PBXBuildFile; fileRef = 18B80F4720BBDAF6002F9853 /* AppDelegate.m */; };
		18B80F4B20BBDAF6002F9853 /* ViewController.m in Sources */ = {isa = PBXBuildFile; fileRef = 18B80F4A20BBDAF6002F9853 /* ViewController.m */; };
		18B80F4E20BBDAF6002F9853 /* Main.storyboard in Resources */ = {isa = PBXBuildFile; fileRef = 18B80F4C20BBDAF6002F9853 /* Main.storyboard */; };
		18B80F5020BBDAF6002F9853 /* Assets.xcassets in Resources */ = {isa = PBXBuildFile; fileRef = 18B80F4F20BBDAF6002F9853 /* Assets.xcassets */; };
		18B80F5320BBDAF6002F9853 /* LaunchScreen.storyboard in Resources */ = {isa = PBXBuildFile; fileRef = 18B80F5120BBDAF6002F9853 /* LaunchScreen.storyboard */; };
		18B80F5620BBDAF6002F9853 /* main.m in Sources */ = {isa = PBXBuildFile; fileRef = 18B80F5520BBDAF6002F9853 /* main.m */; };
		18B80F6020BBDAF7002F9853 /* hahaTests.m in Sources */ = {isa = PBXBuildFile; fileRef = 18B80F5F20BBDAF7002F9853 /* hahaTests.m */; };
		18B80F6B20BBDAF7002F9853 /* hahaUITests.m in Sources */ = {isa = PBXBuildFile; fileRef = 18B80F6A20BBDAF7002F9853 /* hahaUITests.m */; };
/* End PBXBuildFile section */

/* Begin PBXContainerItemProxy section */
		18B80F5C20BBDAF7002F9853 /* PBXContainerItemProxy */ = {
			isa = PBXContainerItemProxy;
			containerPortal = 18B80F3B20BBDAF6002F9853 /* Project object */;
			proxyType = 1;
			remoteGlobalIDString = 18B80F4220BBDAF6002F9853;
			remoteInfo = haha;
		};
		18B80F6720BBDAF7002F9853 /* PBXContainerItemProxy */ = {
			isa = PBXContainerItemProxy;
			containerPortal = 18B80F3B20BBDAF6002F9853 /* Project object */;
			proxyType = 1;
			remoteGlobalIDString = 18B80F4220BBDAF6002F9853;
			remoteInfo = haha;
		};
/* End PBXContainerItemProxy section */

/* Begin PBXFileReference section */
		18B80F4320BBDAF6002F9853 /* haha.app */ = {isa = PBXFileReference; explicitFileType = wrapper.application; includeInIndex = 0; path = haha.app; sourceTree = BUILT_PRODUCTS_DIR; };
		18B80F4620BBDAF6002F9853 /* AppDelegate.h */ = {isa = PBXFileReference; lastKnownFileType = sourcecode.c.h; path = AppDelegate.h; sourceTree = "<group>"; };
		18B80F4720BBDAF6002F9853 /* AppDelegate.m */ = {isa = PBXFileReference; lastKnownFileType = sourcecode.c.objc; path = AppDelegate.m; sourceTree = "<group>"; };
		18B80F4920BBDAF6002F9853 /* ViewController.h */ = {isa = PBXFileReference; lastKnownFileType = sourcecode.c.h; path = ViewController.h; sourceTree = "<group>"; };
		18B80F4A20BBDAF6002F9853 /* ViewController.m */ = {isa = PBXFileReference; lastKnownFileType = sourcecode.c.objc; path = ViewController.m; sourceTree = "<group>"; };
		18B80F4D20BBDAF6002F9853 /* Base */ = {isa = PBXFileReference; lastKnownFileType = file.storyboard; name = Base; path = Base.lproj/Main.storyboard; sourceTree = "<group>"; };
		18B80F4F20BBDAF6002F9853 /* Assets.xcassets */ = {isa = PBXFileReference; lastKnownFileType = folder.assetcatalog; path = Assets.xcassets; sourceTree = "<group>"; };
		18B80F5220BBDAF6002F9853 /* Base */ = {isa = PBXFileReference; lastKnownFileType = file.storyboard; name = Base; path = Base.lproj/LaunchScreen.storyboard; sourceTree = "<group>"; };
		18B80F5420BBDAF6002F9853 /* Info.plist */ = {isa = PBXFileReference; lastKnownFileType = text.plist.xml; path = Info.plist; sourceTree = "<group>"; };
		18B80F5520BBDAF6002F9853 /* main.m */ = {isa = PBXFileReference; lastKnownFileType = sourcecode.c.objc; path = main.m; sourceTree = "<group>"; };
		18B80F5B20BBDAF7002F9853 /* hahaTests.xctest */ = {isa = PBXFileReference; explicitFileType = wrapper.cfbundle; includeInIndex = 0; path = hahaTests.xctest; sourceTree = BUILT_PRODUCTS_DIR; };
		18B80F5F20BBDAF7002F9853 /* hahaTests.m */ = {isa = PBXFileReference; lastKnownFileType = sourcecode.c.objc; path = hahaTests.m; sourceTree = "<group>"; };
		18B80F6120BBDAF7002F9853 /* Info.plist */ = {isa = PBXFileReference; lastKnownFileType = text.plist.xml; path = Info.plist; sourceTree = "<group>"; };
		18B80F6620BBDAF7002F9853 /* hahaUITests.xctest */ = {isa = PBXFileReference; explicitFileType = wrapper.cfbundle; includeInIndex = 0; path = hahaUITests.xctest; sourceTree = BUILT_PRODUCTS_DIR; };
		18B80F6A20BBDAF7002F9853 /* hahaUITests.m */ = {isa = PBXFileReference; lastKnownFileType = sourcecode.c.objc; path = hahaUITests.m; sourceTree = "<group>"; };
		18B80F6C20BBDAF7002F9853 /* Info.plist */ = {isa = PBXFileReference; lastKnownFileType = text.plist.xml; path = Info.plist; sourceTree = "<group>"; };
/* End PBXFileReference section */

/* Begin PBXFrameworksBuildPhase section */
		18B80F4020BBDAF6002F9853 /* Frameworks */ = {
			isa = PBXFrameworksBuildPhase;
			buildActionMask = 2147483647;
			files = (
			);
			runOnlyForDeploymentPostprocessing = 0;
		};
		18B80F5820BBDAF7002F9853 /* Frameworks */ = {
			isa = PBXFrameworksBuildPhase;
			buildActionMask = 2147483647;
			files = (
			);
			runOnlyForDeploymentPostprocessing = 0;
		};
		18B80F6320BBDAF7002F9853 /* Frameworks */ = {
			isa = PBXFrameworksBuildPhase;
			buildActionMask = 2147483647;
			files = (
			);
			runOnlyForDeploymentPostprocessing = 0;
		};
/* End PBXFrameworksBuildPhase section */

/* Begin PBXGroup section */
		18B80F3A20BBDAF6002F9853 = {
			isa = PBXGroup;
			children = (
				18B80F4520BBDAF6002F9853 /* haha */,
				18B80F5E20BBDAF7002F9853 /* hahaTests */,
				18B80F6920BBDAF7002F9853 /* hahaUITests */,
				18B80F4420BBDAF6002F9853 /* Products */,
			);
			sourceTree = "<group>";
		};
		18B80F4420BBDAF6002F9853 /* Products */ = {
			isa = PBXGroup;
			children = (
				18B80F4320BBDAF6002F9853 /* haha.app */,
				18B80F5B20BBDAF7002F9853 /* hahaTests.xctest */,
				18B80F6620BBDAF7002F9853 /* hahaUITests.xctest */,
			);
			name = Products;
			sourceTree = "<group>";
		};
		18B80F4520BBDAF6002F9853 /* haha */ = {
			isa = PBXGroup;
			children = (
				18B80F4620BBDAF6002F9853 /* AppDelegate.h */,
				18B80F4720BBDAF6002F9853 /* AppDelegate.m */,
				18B80F4920BBDAF6002F9853 /* ViewController.h */,
				18B80F4A20BBDAF6002F9853 /* ViewController.m */,
				18B80F4C20BBDAF6002F9853 /* Main.storyboard */,
				18B80F4F20BBDAF6002F9853 /* Assets.xcassets */,
				18B80F5120BBDAF6002F9853 /* LaunchScreen.storyboard */,
				18B80F5420BBDAF6002F9853 /* Info.plist */,
				18B80F5520BBDAF6002F9853 /* main.m */,
			);
			path = haha;
			sourceTree = "<group>";
		};
		18B80F5E20BBDAF7002F9853 /* hahaTests */ = {
			isa = PBXGroup;
			children = (
				18B80F5F20BBDAF7002F9853 /* hahaTests.m */,
				18B80F6120BBDAF7002F9853 /* Info.plist */,
			);
			path = hahaTests;
			sourceTree = "<group>";
		};
		18B80F6920BBDAF7002F9853 /* hahaUITests */ = {
			isa = PBXGroup;
			children = (
				18B80F6A20BBDAF7002F9853 /* hahaUITests.m */,
				18B80F6C20BBDAF7002F9853 /* Info.plist */,
			);
			path = hahaUITests;
			sourceTree = "<group>";
		};
/* End PBXGroup section */

/* Begin PBXNativeTarget section */
		18B80F4220BBDAF6002F9853 /* haha */ = {
			isa = PBXNativeTarget;
			buildConfigurationList = 18B80F6F20BBDAF7002F9853 /* Build configuration list for PBXNativeTarget "haha" */;
			buildPhases = (
				18B80F3F20BBDAF6002F9853 /* Sources */,
				18B80F4020BBDAF6002F9853 /* Frameworks */,
				18B80F4120BBDAF6002F9853 /* Resources */,
			);
			buildRules = (
			);
			dependencies = (
			);
			name = haha;
			productName = haha;
			productReference = 18B80F4320BBDAF6002F9853 /* haha.app */;
			productType = "com.apple.product-type.application";
		};
		18B80F5A20BBDAF7002F9853 /* hahaTests */ = {
			isa = PBXNativeTarget;
			buildConfigurationList = 18B80F7220BBDAF7002F9853 /* Build configuration list for PBXNativeTarget "hahaTests" */;
			buildPhases = (
				18B80F5720BBDAF7002F9853 /* Sources */,
				18B80F5820BBDAF7002F9853 /* Frameworks */,
				18B80F5920BBDAF7002F9853 /* Resources */,
			);
			buildRules = (
			);
			dependencies = (
				18B80F5D20BBDAF7002F9853 /* PBXTargetDependency */,
			);
			name = hahaTests;
			productName = hahaTests;
			productReference = 18B80F5B20BBDAF7002F9853 /* hahaTests.xctest */;
			productType = "com.apple.product-type.bundle.unit-test";
		};
		18B80F6520BBDAF7002F9853 /* hahaUITests */ = {
			isa = PBXNativeTarget;
			buildConfigurationList = 18B80F7520BBDAF7002F9853 /* Build configuration list for PBXNativeTarget "hahaUITests" */;
			buildPhases = (
				18B80F6220BBDAF7002F9853 /* Sources */,
				18B80F6320BBDAF7002F9853 /* Frameworks */,
				18B80F6420BBDAF7002F9853 /* Resources */,
			);
			buildRules = (
			);
			dependencies = (
				18B80F6820BBDAF7002F9853 /* PBXTargetDependency */,
			);
			name = hahaUITests;
			productName = hahaUITests;
			productReference = 18B80F6620BBDAF7002F9853 /* hahaUITests.xctest */;
			productType = "com.apple.product-type.bundle.ui-testing";
		};
/* End PBXNativeTarget section */

/* Begin PBXProject section */
		18B80F3B20BBDAF6002F9853 /* Project object */ = {
			isa = PBXProject;
			attributes = {
				LastUpgradeCheck = 0920;
				ORGANIZATIONNAME = "张磊";
				TargetAttributes = {
					18B80F4220BBDAF6002F9853 = {
						CreatedOnToolsVersion = 9.2;
						ProvisioningStyle = Automatic;
					};
					18B80F5A20BBDAF7002F9853 = {
						CreatedOnToolsVersion = 9.2;
						ProvisioningStyle = Automatic;
						TestTargetID = 18B80F4220BBDAF6002F9853;
					};
					18B80F6520BBDAF7002F9853 = {
						CreatedOnToolsVersion = 9.2;
						ProvisioningStyle = Automatic;
						TestTargetID = 18B80F4220BBDAF6002F9853;
					};
				};
			};
			buildConfigurationList = 18B80F3E20BBDAF6002F9853 /* Build configuration list for PBXProject "haha" */;
			compatibilityVersion = "Xcode 8.0";
			developmentRegion = en;
			hasScannedForEncodings = 0;
			knownRegions = (
				en,
				Base,
			);
			mainGroup = 18B80F3A20BBDAF6002F9853;
			productRefGroup = 18B80F4420BBDAF6002F9853 /* Products */;
			projectDirPath = "";
			projectRoot = "";
			targets = (
				18B80F4220BBDAF6002F9853 /* haha */,
				18B80F5A20BBDAF7002F9853 /* hahaTests */,
				18B80F6520BBDAF7002F9853 /* hahaUITests */,
			);
		};
/* End PBXProject section */

/* Begin PBXResourcesBuildPhase section */
		18B80F4120BBDAF6002F9853 /* Resources */ = {
			isa = PBXResourcesBuildPhase;
			buildActionMask = 2147483647;
			files = (
				18B80F5320BBDAF6002F9853 /* LaunchScreen.storyboard in Resources */,
				18B80F5020BBDAF6002F9853 /* Assets.xcassets in Resources */,
				18B80F4E20BBDAF6002F9853 /* Main.storyboard in Resources */,
			);
			runOnlyForDeploymentPostprocessing = 0;
		};
		18B80F5920BBDAF7002F9853 /* Resources */ = {
			isa = PBXResourcesBuildPhase;
			buildActionMask = 2147483647;
			files = (
			);
			runOnlyForDeploymentPostprocessing = 0;
		};
		18B80F6420BBDAF7002F9853 /* Resources */ = {
			isa = PBXResourcesBuildPhase;
			buildActionMask = 2147483647;
			files = (
			);
			runOnlyForDeploymentPostprocessing = 0;
		};
/* End PBXResourcesBuildPhase section */

/* Begin PBXSourcesBuildPhase section */
		18B80F3F20BBDAF6002F9853 /* Sources */ = {
			isa = PBXSourcesBuildPhase;
			buildActionMask = 2147483647;
			files = (
				18B80F4B20BBDAF6002F9853 /* ViewController.m in Sources */,
				18B80F5620BBDAF6002F9853 /* main.m in Sources */,
				18B80F4820BBDAF6002F9853 /* AppDelegate.m in Sources */,
			);
			runOnlyForDeploymentPostprocessing = 0;
		};
		18B80F5720BBDAF7002F9853 /* Sources */ = {
			isa = PBXSourcesBuildPhase;
			buildActionMask = 2147483647;
			files = (
				18B80F6020BBDAF7002F9853 /* hahaTests.m in Sources */,
			);
			runOnlyForDeploymentPostprocessing = 0;
		};
		18B80F6220BBDAF7002F9853 /* Sources */ = {
			isa = PBXSourcesBuildPhase;
			buildActionMask = 2147483647;
			files = (
				18B80F6B20BBDAF7002F9853 /* hahaUITests.m in Sources */,
			);
			runOnlyForDeploymentPostprocessing = 0;
		};
/* End PBXSourcesBuildPhase section */

/* Begin PBXTargetDependency section */
		18B80F5D20BBDAF7002F9853 /* PBXTargetDependency */ = {
			isa = PBXTargetDependency;
			target = 18B80F4220BBDAF6002F9853 /* haha */;
			targetProxy = 18B80F5C20BBDAF7002F9853 /* PBXContainerItemProxy */;
		};
		18B80F6820BBDAF7002F9853 /* PBXTargetDependency */ = {
			isa = PBXTargetDependency;
			target = 18B80F4220BBDAF6002F9853 /* haha */;
			targetProxy = 18B80F6720BBDAF7002F9853 /* PBXContainerItemProxy */;
		};
/* End PBXTargetDependency section */

/* Begin PBXVariantGroup section */
		18B80F4C20BBDAF6002F9853 /* Main.storyboard */ = {
			isa = PBXVariantGroup;
			children = (
				18B80F4D20BBDAF6002F9853 /* Base */,
			);
			name = Main.storyboard;
			sourceTree = "<group>";
		};
		18B80F5120BBDAF6002F9853 /* LaunchScreen.storyboard */ = {
			isa = PBXVariantGroup;
			children = (
				18B80F5220BBDAF6002F9853 /* Base */,
			);
			name = LaunchScreen.storyboard;
			sourceTree = "<group>";
		};
/* End PBXVariantGroup section */

/* Begin XCBuildConfiguration section */
		18B80F6D20BBDAF7002F9853 /* Debug */ = {
			isa = XCBuildConfiguration;
			buildSettings = {
				ALWAYS_SEARCH_USER_PATHS = NO;
				CLANG_ANALYZER_NONNULL = YES;
				CLANG_ANALYZER_NUMBER_OBJECT_CONVERSION = YES_AGGRESSIVE;
				CLANG_CXX_LANGUAGE_STANDARD = "gnu++14";
				CLANG_CXX_LIBRARY = "libc++";
				CLANG_ENABLE_MODULES = YES;
				CLANG_ENABLE_OBJC_ARC = YES;
				CLANG_WARN_BLOCK_CAPTURE_AUTORELEASING = YES;
				CLANG_WARN_BOOL_CONVERSION = YES;
				CLANG_WARN_COMMA = YES;
				CLANG_WARN_CONSTANT_CONVERSION = YES;
				CLANG_WARN_DIRECT_OBJC_ISA_USAGE = YES_ERROR;
				CLANG_WARN_DOCUMENTATION_COMMENTS = YES;
				CLANG_WARN_EMPTY_BODY = YES;
				CLANG_WARN_ENUM_CONVERSION = YES;
				CLANG_WARN_INFINITE_RECURSION = YES;
				CLANG_WARN_INT_CONVERSION = YES;
				CLANG_WARN_NON_LITERAL_NULL_CONVERSION = YES;
				CLANG_WARN_OBJC_LITERAL_CONVERSION = YES;
				CLANG_WARN_OBJC_ROOT_CLASS = YES_ERROR;
				CLANG_WARN_RANGE_LOOP_ANALYSIS = YES;
				CLANG_WARN_STRICT_PROTOTYPES = YES;
				CLANG_WARN_SUSPICIOUS_MOVE = YES;
				CLANG_WARN_UNGUARDED_AVAILABILITY = YES_AGGRESSIVE;
				CLANG_WARN_UNREACHABLE_CODE = YES;
				CLANG_WARN__DUPLICATE_METHOD_MATCH = YES;
				CODE_SIGN_IDENTITY = "iPhone Developer";
				COPY_PHASE_STRIP = NO;
				DEBUG_INFORMATION_FORMAT = dwarf;
				ENABLE_STRICT_OBJC_MSGSEND = YES;
				ENABLE_TESTABILITY = YES;
				GCC_C_LANGUAGE_STANDARD = gnu11;
				GCC_DYNAMIC_NO_PIC = NO;
				GCC_NO_COMMON_BLOCKS = YES;
				GCC_OPTIMIZATION_LEVEL = 0;
				GCC_PREPROCESSOR_DEFINITIONS = (
					"DEBUG=1",
					"$(inherited)",
				);
				GCC_WARN_64_TO_32_BIT_CONVERSION = YES;
				GCC_WARN_ABOUT_RETURN_TYPE = YES_ERROR;
				GCC_WARN_UNDECLARED_SELECTOR = YES;
				GCC_WARN_UNINITIALIZED_AUTOS = YES_AGGRESSIVE;
				GCC_WARN_UNUSED_FUNCTION = YES;
				GCC_WARN_UNUSED_VARIABLE = YES;
				IPHONEOS_DEPLOYMENT_TARGET = 11.2;
				MTL_ENABLE_DEBUG_INFO = YES;
				ONLY_ACTIVE_ARCH = YES;
				SDKROOT = iphoneos;
			};
			name = Debug;
		};
		18B80F6E20BBDAF7002F9853 /* Release */ = {
			isa = XCBuildConfiguration;
			buildSettings = {
				ALWAYS_SEARCH_USER_PATHS = NO;
				CLANG_ANALYZER_NONNULL = YES;
				CLANG_ANALYZER_NUMBER_OBJECT_CONVERSION = YES_AGGRESSIVE;
				CLANG_CXX_LANGUAGE_STANDARD = "gnu++14";
				CLANG_CXX_LIBRARY = "libc++";
				CLANG_ENABLE_MODULES = YES;
				CLANG_ENABLE_OBJC_ARC = YES;
				CLANG_WARN_BLOCK_CAPTURE_AUTORELEASING = YES;
				CLANG_WARN_BOOL_CONVERSION = YES;
				CLANG_WARN_COMMA = YES;
				CLANG_WARN_CONSTANT_CONVERSION = YES;
				CLANG_WARN_DIRECT_OBJC_ISA_USAGE = YES_ERROR;
				CLANG_WARN_DOCUMENTATION_COMMENTS = YES;
				CLANG_WARN_EMPTY_BODY = YES;
				CLANG_WARN_ENUM_CONVERSION = YES;
				CLANG_WARN_INFINITE_RECURSION = YES;
				CLANG_WARN_INT_CONVERSION = YES;
				CLANG_WARN_NON_LITERAL_NULL_CONVERSION = YES;
				CLANG_WARN_OBJC_LITERAL_CONVERSION = YES;
				CLANG_WARN_OBJC_ROOT_CLASS = YES_ERROR;
				CLANG_WARN_RANGE_LOOP_ANALYSIS = YES;
				CLANG_WARN_STRICT_PROTOTYPES = YES;
				CLANG_WARN_SUSPICIOUS_MOVE = YES;
				CLANG_WARN_UNGUARDED_AVAILABILITY = YES_AGGRESSIVE;
				CLANG_WARN_UNREACHABLE_CODE = YES;
				CLANG_WARN__DUPLICATE_METHOD_MATCH = YES;
				CODE_SIGN_IDENTITY = "iPhone Developer";
				COPY_PHASE_STRIP = NO;
				DEBUG_INFORMATION_FORMAT = "dwarf-with-dsym";
				ENABLE_NS_ASSERTIONS = NO;
				ENABLE_STRICT_OBJC_MSGSEND = YES;
				GCC_C_LANGUAGE_STANDARD = gnu11;
				GCC_NO_COMMON_BLOCKS = YES;
				GCC_WARN_64_TO_32_BIT_CONVERSION = YES;
				GCC_WARN_ABOUT_RETURN_TYPE = YES_ERROR;
				GCC_WARN_UNDECLARED_SELECTOR = YES;
				GCC_WARN_UNINITIALIZED_AUTOS = YES_AGGRESSIVE;
				GCC_WARN_UNUSED_FUNCTION = YES;
				GCC_WARN_UNUSED_VARIABLE = YES;
				IPHONEOS_DEPLOYMENT_TARGET = 11.2;
				MTL_ENABLE_DEBUG_INFO = NO;
				SDKROOT = iphoneos;
				VALIDATE_PRODUCT = YES;
			};
			name = Release;
		};
		18B80F7020BBDAF7002F9853 /* Debug */ = {
			isa = XCBuildConfiguration;
			buildSettings = {
				ASSETCATALOG_COMPILER_APPICON_NAME = AppIcon;
				CODE_SIGN_STYLE = Automatic;
				INFOPLIST_FILE = haha/Info.plist;
				LD_RUNPATH_SEARCH_PATHS = "$(inherited) @executable_path/Frameworks";
				PRODUCT_BUNDLE_IDENTIFIER = ZL.haha;
				PRODUCT_NAME = "$(TARGET_NAME)";
				TARGETED_DEVICE_FAMILY = "1,2";
			};
			name = Debug;
		};
		18B80F7120BBDAF7002F9853 /* Release */ = {
			isa = XCBuildConfiguration;
			buildSettings = {
				ASSETCATALOG_COMPILER_APPICON_NAME = AppIcon;
				CODE_SIGN_STYLE = Automatic;
				INFOPLIST_FILE = haha/Info.plist;
				LD_RUNPATH_SEARCH_PATHS = "$(inherited) @executable_path/Frameworks";
				PRODUCT_BUNDLE_IDENTIFIER = ZL.haha;
				PRODUCT_NAME = "$(TARGET_NAME)";
				TARGETED_DEVICE_FAMILY = "1,2";
			};
			name = Release;
		};
		18B80F7320BBDAF7002F9853 /* Debug */ = {
			isa = XCBuildConfiguration;
			buildSettings = {
				BUNDLE_LOADER = "$(TEST_HOST)";
				CODE_SIGN_STYLE = Automatic;
				INFOPLIST_FILE = hahaTests/Info.plist;
				LD_RUNPATH_SEARCH_PATHS = "$(inherited) @executable_path/Frameworks @loader_path/Frameworks";
				PRODUCT_BUNDLE_IDENTIFIER = ZL.hahaTests;
				PRODUCT_NAME = "$(TARGET_NAME)";
				TARGETED_DEVICE_FAMILY = "1,2";
				TEST_HOST = "$(BUILT_PRODUCTS_DIR)/haha.app/haha";
			};
			name = Debug;
		};
		18B80F7420BBDAF7002F9853 /* Release */ = {
			isa = XCBuildConfiguration;
			buildSettings = {
				BUNDLE_LOADER = "$(TEST_HOST)";
				CODE_SIGN_STYLE = Automatic;
				INFOPLIST_FILE = hahaTests/Info.plist;
				LD_RUNPATH_SEARCH_PATHS = "$(inherited) @executable_path/Frameworks @loader_path/Frameworks";
				PRODUCT_BUNDLE_IDENTIFIER = ZL.hahaTests;
				PRODUCT_NAME = "$(TARGET_NAME)";
				TARGETED_DEVICE_FAMILY = "1,2";
				TEST_HOST = "$(BUILT_PRODUCTS_DIR)/haha.app/haha";
			};
			name = Release;
		};
		18B80F7620BBDAF7002F9853 /* Debug */ = {
			isa = XCBuildConfiguration;
			buildSettings = {
				CODE_SIGN_STYLE = Automatic;
				INFOPLIST_FILE = hahaUITests/Info.plist;
				LD_RUNPATH_SEARCH_PATHS = "$(inherited) @executable_path/Frameworks @loader_path/Frameworks";
				PRODUCT_BUNDLE_IDENTIFIER = ZL.hahaUITests;
				PRODUCT_NAME = "$(TARGET_NAME)";
				TARGETED_DEVICE_FAMILY = "1,2";
				TEST_TARGET_NAME = haha;
			};
			name = Debug;
		};
		18B80F7720BBDAF7002F9853 /* Release */ = {
			isa = XCBuildConfiguration;
			buildSettings = {
				CODE_SIGN_STYLE = Automatic;
				INFOPLIST_FILE = hahaUITests/Info.plist;
				LD_RUNPATH_SEARCH_PATHS = "$(inherited) @executable_path/Frameworks @loader_path/Frameworks";
				PRODUCT_BUNDLE_IDENTIFIER = ZL.hahaUITests;
				PRODUCT_NAME = "$(TARGET_NAME)";
				TARGETED_DEVICE_FAMILY = "1,2";
				TEST_TARGET_NAME = haha;
			};
			name = Release;
		};
/* End XCBuildConfiguration section */

/* Begin XCConfigurationList section */
		18B80F3E20BBDAF6002F9853 /* Build configuration list for PBXProject "haha" */ = {
			isa = XCConfigurationList;
			buildConfigurations = (
				18B80F6D20BBDAF7002F9853 /* Debug */,
				18B80F6E20BBDAF7002F9853 /* Release */,
			);
			defaultConfigurationIsVisible = 0;
			defaultConfigurationName = Release;
		};
		18B80F6F20BBDAF7002F9853 /* Build configuration list for PBXNativeTarget "haha" */ = {
			isa = XCConfigurationList;
			buildConfigurations = (
				18B80F7020BBDAF7002F9853 /* Debug */,
				18B80F7120BBDAF7002F9853 /* Release */,
			);
			defaultConfigurationIsVisible = 0;
			defaultConfigurationName = Release;
		};
		18B80F7220BBDAF7002F9853 /* Build configuration list for PBXNativeTarget "hahaTests" */ = {
			isa = XCConfigurationList;
			buildConfigurations = (
				18B80F7320BBDAF7002F9853 /* Debug */,
				18B80F7420BBDAF7002F9853 /* Release */,
			);
			defaultConfigurationIsVisible = 0;
			defaultConfigurationName = Release;
		};
		18B80F7520BBDAF7002F9853 /* Build configuration list for PBXNativeTarget "hahaUITests" */ = {
			isa = XCConfigurationList;
			buildConfigurations = (
				18B80F7620BBDAF7002F9853 /* Debug */,
				18B80F7720BBDAF7002F9853 /* Release */,
			);
			defaultConfigurationIsVisible = 0;
			defaultConfigurationName = Release;
		};
/* End XCConfigurationList section */
	};
	rootObject = 18B80F3B20BBDAF6002F9853 /* Project object */;
}
